
Microsoft Visual Studio Solution File, Format Version 12.00
Project("{8BC9CEB8-8B4A-11D0-8D11-00A0C91BC942}") = "Library", "Library\Library.vcxproj", "{5FF2492F-9F41-4EAB-A836-48DF8CE3292E}"
EndProject
Project("{FAE04EC0-301F-11D3-BF4B-00C04F79EFBC}") = "Loader.AOT", "Loader.AOT\Loader.AOT.csproj", "{07E2188E-4C21-4009-8727-23BDDA5A06DB}"
EndProject
Global
	GlobalSection(SolutionConfigurationPlatforms) = preSolution
		Debug|Any CPU = Debug|Any CPU
		Release|Any CPU = Release|Any CPU
	EndGlobalSection
	GlobalSection(ProjectConfigurationPlatforms) = postSolution
		{5FF2492F-9F41-4EAB-A836-48DF8CE3292E}.Debug|Any CPU.ActiveCfg = Debug|Win32
		{5FF2492F-9F41-4EAB-A836-48DF8CE3292E}.Debug|Any CPU.Build.0 = Debug|Win32
		{5FF2492F-9F41-4EAB-A836-48DF8CE3292E}.Release|Any CPU.ActiveCfg = Release|Win32
		{5FF2492F-9F41-4EAB-A836-48DF8CE3292E}.Release|Any CPU.Build.0 = Release|Win32
		{07E2188E-4C21-4009-8727-23BDDA5A06DB}.Debug|Any CPU.ActiveCfg = Debug|Any CPU
		{07E2188E-4C21-4009-8727-23BDDA5A06DB}.Debug|Any CPU.Build.0 = Debug|Any CPU
		{07E2188E-4C21-4009-8727-23BDDA5A06DB}.Release|Any CPU.ActiveCfg = Release|Any CPU
		{07E2188E-4C21-4009-8727-23BDDA5A06DB}.Release|Any CPU.Build.0 = Release|Any CPU
	EndGlobalSection
EndGlobal
